
Microsoft Visual Studio Solution File, Format Version 12.00
# Visual Studio Version 17
VisualStudioVersion = 17.7.34221.43
MinimumVisualStudioVersion = 10.0.40219.1
Project("{FAE04EC0-301F-11D3-BF4B-00C04F79EFBC}") = "SOFTENG", "SOFTENG\SOFTENG.csproj", "{E9E09F9E-54AF-4B7E-BAC1-B0D5D117563E}"
EndProject
Global
	GlobalSection(SolutionConfigurationPlatforms) = preSolution
		Debug|Any CPU = Debug|Any CPU
		Release|Any CPU = Release|Any CPU
	EndGlobalSection
	GlobalSection(ProjectConfigurationPlatforms) = postSolution
		{E9E09F9E-54AF-4B7E-BAC1-B0D5D117563E}.Debug|Any CPU.ActiveCfg = Debug|Any CPU
		{E9E09F9E-54AF-4B7E-BAC1-B0D5D117563E}.Debug|Any CPU.Build.0 = Debug|Any CPU
		{E9E09F9E-54AF-4B7E-BAC1-B0D5D117563E}.Release|Any CPU.ActiveCfg = Release|Any CPU
		{E9E09F9E-54AF-4B7E-BAC1-B0D5D117563E}.Release|Any CPU.Build.0 = Release|Any CPU
	EndGlobalSection
	GlobalSection(SolutionProperties) = preSolution
		HideSolutionNode = FALSE
	EndGlobalSection
	GlobalSection(ExtensibilityGlobals) = postSolution
		SolutionGuid = {3C1645CF-8913-4700-A55A-677045D8A596}
	EndGlobalSection
EndGlobal
